
Microsoft Visual Studio Solution File, Format Version 12.00
# Visual Studio Version 17
VisualStudioVersion = 17.4.33205.214
MinimumVisualStudioVersion = 10.0.40219.1
Project("{FAE04EC0-301F-11D3-BF4B-00C04F79EFBC}") = "FriendsWeatherApi", "FriendsWeatherApi\FriendsWeatherApi.csproj", "{70B5BE8E-C226-43C8-AAD6-8A0456AAC0BC}"
EndProject
Global
	GlobalSection(SolutionConfigurationPlatforms) = preSolution
		Debug|Any CPU = Debug|Any CPU
		Release|Any CPU = Release|Any CPU
	EndGlobalSection
	GlobalSection(ProjectConfigurationPlatforms) = postSolution
		{70B5BE8E-C226-43C8-AAD6-8A0456AAC0BC}.Debug|Any CPU.ActiveCfg = Debug|Any CPU
		{70B5BE8E-C226-43C8-AAD6-8A0456AAC0BC}.Debug|Any CPU.Build.0 = Debug|Any CPU
		{70B5BE8E-C226-43C8-AAD6-8A0456AAC0BC}.Release|Any CPU.ActiveCfg = Release|Any CPU
		{70B5BE8E-C226-43C8-AAD6-8A0456AAC0BC}.Release|Any CPU.Build.0 = Release|Any CPU
	EndGlobalSection
	GlobalSection(SolutionProperties) = preSolution
		HideSolutionNode = FALSE
	EndGlobalSection
	GlobalSection(ExtensibilityGlobals) = postSolution
		SolutionGuid = {E0045688-EC42-4698-A722-2354DDDCA364}
	EndGlobalSection
EndGlobal
